
Microsoft Visual Studio Solution File, Format Version 12.00
# Visual Studio Version 16
VisualStudioVersion = 16.0.29613.14
MinimumVisualStudioVersion = 10.0.40219.1
Project("{FAE04EC0-301F-11D3-BF4B-00C04F79EFBC}") = "Encryption", "Encryption.csproj", "{1D7B10A7-99F0-4042-A705-B72AAD47F951}"
EndProject
Global
	GlobalSection(SolutionConfigurationPlatforms) = preSolution
		Debug|Any CPU = Debug|Any CPU
		Release|Any CPU = Release|Any CPU
	EndGlobalSection
	GlobalSection(ProjectConfigurationPlatforms) = postSolution
		{1D7B10A7-99F0-4042-A705-B72AAD47F951}.Debug|Any CPU.ActiveCfg = Debug|Any CPU
		{1D7B10A7-99F0-4042-A705-B72AAD47F951}.Debug|Any CPU.Build.0 = Debug|Any CPU
		{1D7B10A7-99F0-4042-A705-B72AAD47F951}.Release|Any CPU.ActiveCfg = Release|Any CPU
		{1D7B10A7-99F0-4042-A705-B72AAD47F951}.Release|Any CPU.Build.0 = Release|Any CPU
	EndGlobalSection
	GlobalSection(SolutionProperties) = preSolution
		HideSolutionNode = FALSE
	EndGlobalSection
	GlobalSection(ExtensibilityGlobals) = postSolution
		SolutionGuid = {1EE10D57-0DF9-49A8-8371-99B293B350C5}
	EndGlobalSection
EndGlobal
